
Microsoft Visual Studio Solution File, Format Version 12.00
# Visual Studio Version 17
VisualStudioVersion = 17.5.002.0
MinimumVisualStudioVersion = 10.0.40219.1
Project("{2150E333-8FDC-42A3-9474-1A3956D46DE8}") = "src", "src", "{5E2F2ABD-8C0A-47D2-BB5F-4E7E24B08D8D}"
EndProject
Project("{9A19103F-16F7-4668-BE54-9A1E7A4F7556}") = "AuctionService", "src\AuctionService\AuctionService.csproj", "{7770AE27-D96E-439B-AE5D-7CA8002D7877}"
EndProject
Project("{FAE04EC0-301F-11D3-BF4B-00C04F79EFBC}") = "SearchService", "src\SearchService\SearchService.csproj", "{8F926F32-CC06-474A-AB55-973936E9A284}"
EndProject
Project("{FAE04EC0-301F-11D3-BF4B-00C04F79EFBC}") = "Contracts", "src\Contracts\Contracts.csproj", "{0D17C8D8-27FA-4B45-9812-31B64526C8A9}"
EndProject
Global
	GlobalSection(SolutionConfigurationPlatforms) = preSolution
		Debug|Any CPU = Debug|Any CPU
		Release|Any CPU = Release|Any CPU
	EndGlobalSection
	GlobalSection(ProjectConfigurationPlatforms) = postSolution
		{7770AE27-D96E-439B-AE5D-7CA8002D7877}.Debug|Any CPU.ActiveCfg = Debug|Any CPU
		{7770AE27-D96E-439B-AE5D-7CA8002D7877}.Debug|Any CPU.Build.0 = Debug|Any CPU
		{7770AE27-D96E-439B-AE5D-7CA8002D7877}.Release|Any CPU.ActiveCfg = Release|Any CPU
		{7770AE27-D96E-439B-AE5D-7CA8002D7877}.Release|Any CPU.Build.0 = Release|Any CPU
		{8F926F32-CC06-474A-AB55-973936E9A284}.Debug|Any CPU.ActiveCfg = Debug|Any CPU
		{8F926F32-CC06-474A-AB55-973936E9A284}.Debug|Any CPU.Build.0 = Debug|Any CPU
		{8F926F32-CC06-474A-AB55-973936E9A284}.Release|Any CPU.ActiveCfg = Release|Any CPU
		{8F926F32-CC06-474A-AB55-973936E9A284}.Release|Any CPU.Build.0 = Release|Any CPU
		{0D17C8D8-27FA-4B45-9812-31B64526C8A9}.Debug|Any CPU.ActiveCfg = Debug|Any CPU
		{0D17C8D8-27FA-4B45-9812-31B64526C8A9}.Debug|Any CPU.Build.0 = Debug|Any CPU
		{0D17C8D8-27FA-4B45-9812-31B64526C8A9}.Release|Any CPU.ActiveCfg = Release|Any CPU
		{0D17C8D8-27FA-4B45-9812-31B64526C8A9}.Release|Any CPU.Build.0 = Release|Any CPU
	EndGlobalSection
	GlobalSection(SolutionProperties) = preSolution
		HideSolutionNode = FALSE
	EndGlobalSection
	GlobalSection(NestedProjects) = preSolution
		{7770AE27-D96E-439B-AE5D-7CA8002D7877} = {5E2F2ABD-8C0A-47D2-BB5F-4E7E24B08D8D}
		{8F926F32-CC06-474A-AB55-973936E9A284} = {5E2F2ABD-8C0A-47D2-BB5F-4E7E24B08D8D}
		{0D17C8D8-27FA-4B45-9812-31B64526C8A9} = {5E2F2ABD-8C0A-47D2-BB5F-4E7E24B08D8D}
	EndGlobalSection
	GlobalSection(ExtensibilityGlobals) = postSolution
		SolutionGuid = {94957B7D-EB73-43DA-82E8-712C7A1858C3}
	EndGlobalSection
EndGlobal
